// !$*UTF8*$!
{
	archiveVersion = 1;
	classes = {
	};
	objectVersion = 56;
	objects = {

/* Begin PBXBuildFile section */
		AAB2617E2A219CD9005E0AC1 /* QuizApp.swift in Sources */ = {isa = PBXBuildFile; fileRef = AAB2617D2A219CD9005E0AC1 /* QuizApp.swift */; };
		AAB261802A219CD9005E0AC1 /* ContentView.swift in Sources */ = {isa = PBXBuildFile; fileRef = AAB2617F2A219CD9005E0AC1 /* ContentView.swift */; };
		AAB261822A219CDB005E0AC1 /* Assets.xcassets in Resources */ = {isa = PBXBuildFile; fileRef = AAB261812A219CDB005E0AC1 /* Assets.xcassets */; };
		AAB261852A219CDB005E0AC1 /* Preview Assets.xcassets in Resources */ = {isa = PBXBuildFile; fileRef = AAB261842A219CDB005E0AC1 /* Preview Assets.xcassets */; };
		AAC3A0322A24F8B200BD72A3 /* kahoot_lobby_music_80s_edition.mp3 in Resources */ = {isa = PBXBuildFile; fileRef = AAC3A0312A24F8B200BD72A3 /* kahoot_lobby_music_80s_edition.mp3 */; };
/* End PBXBuildFile section */

/* Begin PBXContainerItemProxy section */
		AAB2618B2A219CDC005E0AC1 /* PBXContainerItemProxy */ = {
			isa = PBXContainerItemProxy;
			containerPortal = AAB261722A219CD9005E0AC1 /* Project object */;
			proxyType = 1;
			remoteGlobalIDString = AAB261792A219CD9005E0AC1;
			remoteInfo = Quiz;
		};
		AAB261952A219CDC005E0AC1 /* PBXContainerItemProxy */ = {
			isa = PBXContainerItemProxy;
			containerPortal = AAB261722A219CD9005E0AC1 /* Project object */;
			proxyType = 1;
			remoteGlobalIDString = AAB261792A219CD9005E0AC1;
			remoteInfo = Quiz;
		};
/* End PBXContainerItemProxy section */

/* Begin PBXFileReference section */
		AAB2617A2A219CD9005E0AC1 /* Quiz.app */ = {isa = PBXFileReference; explicitFileType = wrapper.application; includeInIndex = 0; path = Quiz.app; sourceTree = BUILT_PRODUCTS_DIR; };
		AAB2617D2A219CD9005E0AC1 /* QuizApp.swift */ = {isa = PBXFileReference; lastKnownFileType = sourcecode.swift; path = QuizApp.swift; sourceTree = "<group>"; };
		AAB2617F2A219CD9005E0AC1 /* ContentView.swift */ = {isa = PBXFileReference; lastKnownFileType = sourcecode.swift; path = ContentView.swift; sourceTree = "<group>"; };
		AAB261812A219CDB005E0AC1 /* Assets.xcassets */ = {isa = PBXFileReference; lastKnownFileType = folder.assetcatalog; path = Assets.xcassets; sourceTree = "<group>"; };
		AAB261842A219CDB005E0AC1 /* Preview Assets.xcassets */ = {isa = PBXFileReference; lastKnownFileType = folder.assetcatalog; path = "Preview Assets.xcassets"; sourceTree = "<group>"; };
		AAB2618A2A219CDC005E0AC1 /* QuizTests.xctest */ = {isa = PBXFileReference; explicitFileType = wrapper.cfbundle; includeInIndex = 0; path = QuizTests.xctest; sourceTree = BUILT_PRODUCTS_DIR; };
		AAB261942A219CDC005E0AC1 /* QuizUITests.xctest */ = {isa = PBXFileReference; explicitFileType = wrapper.cfbundle; includeInIndex = 0; path = QuizUITests.xctest; sourceTree = BUILT_PRODUCTS_DIR; };
		AAC3A0312A24F8B200BD72A3 /* kahoot_lobby_music_80s_edition.mp3 */ = {isa = PBXFileReference; lastKnownFileType = audio.mp3; name = kahoot_lobby_music_80s_edition.mp3; path = ../../kahoot_lobby_music_80s_edition.mp3; sourceTree = "<group>"; };
/* End PBXFileReference section */

/* Begin PBXFrameworksBuildPhase section */
		AAB261772A219CD9005E0AC1 /* Frameworks */ = {
			isa = PBXFrameworksBuildPhase;
			buildActionMask = 2147483647;
			files = (
			);
			runOnlyForDeploymentPostprocessing = 0;
		};
		AAB261872A219CDC005E0AC1 /* Frameworks */ = {
			isa = PBXFrameworksBuildPhase;
			buildActionMask = 2147483647;
			files = (
			);
			runOnlyForDeploymentPostprocessing = 0;
		};
		AAB261912A219CDC005E0AC1 /* Frameworks */ = {
			isa = PBXFrameworksBuildPhase;
			buildActionMask = 2147483647;
			files = (
			);
			runOnlyForDeploymentPostprocessing = 0;
		};
/* End PBXFrameworksBuildPhase section */

/* Begin PBXGroup section */
		AAB261712A219CD9005E0AC1 = {
			isa = PBXGroup;
			children = (
				AAB2617C2A219CD9005E0AC1 /* Quiz */,
				AAB2617B2A219CD9005E0AC1 /* Products */,
			);
			sourceTree = "<group>";
		};
		AAB2617B2A219CD9005E0AC1 /* Products */ = {
			isa = PBXGroup;
			children = (
				AAB2617A2A219CD9005E0AC1 /* Quiz.app */,
				AAB2618A2A219CDC005E0AC1 /* QuizTests.xctest */,
				AAB261942A219CDC005E0AC1 /* QuizUITests.xctest */,
			);
			name = Products;
			sourceTree = "<group>";
		};
		AAB2617C2A219CD9005E0AC1 /* Quiz */ = {
			isa = PBXGroup;
			children = (
				AAB2617D2A219CD9005E0AC1 /* QuizApp.swift */,
				AAB2617F2A219CD9005E0AC1 /* ContentView.swift */,
				AAB261812A219CDB005E0AC1 /* Assets.xcassets */,
				AAC3A0312A24F8B200BD72A3 /* kahoot_lobby_music_80s_edition.mp3 */,
				AAB261832A219CDB005E0AC1 /* Preview Content */,
			);
			path = Quiz;
			sourceTree = "<group>";
		};
		AAB261832A219CDB005E0AC1 /* Preview Content */ = {
			isa = PBXGroup;
			children = (
				AAB261842A219CDB005E0AC1 /* Preview Assets.xcassets */,
			);
			path = "Preview Content";
			sourceTree = "<group>";
		};
/* End PBXGroup section */

/* Begin PBXNativeTarget section */
		AAB261792A219CD9005E0AC1 /* Quiz */ = {
			isa = PBXNativeTarget;
			buildConfigurationList = AAB2619E2A219CDC005E0AC1 /* Build configuration list for PBXNativeTarget "Quiz" */;
			buildPhases = (
				AAB261762A219CD9005E0AC1 /* Sources */,
				AAB261772A219CD9005E0AC1 /* Frameworks */,
				AAB261782A219CD9005E0AC1 /* Resources */,
			);
			buildRules = (
			);
			dependencies = (
			);
			name = Quiz;
			productName = Quiz;
			productReference = AAB2617A2A219CD9005E0AC1 /* Quiz.app */;
			productType = "com.apple.product-type.application";
		};
		AAB261892A219CDC005E0AC1 /* QuizTests */ = {
			isa = PBXNativeTarget;
			buildConfigurationList = AAB261A12A219CDC005E0AC1 /* Build configuration list for PBXNativeTarget "QuizTests" */;
			buildPhases = (
				AAB261862A219CDC005E0AC1 /* Sources */,
				AAB261872A219CDC005E0AC1 /* Frameworks */,
				AAB261882A219CDC005E0AC1 /* Resources */,
			);
			buildRules = (
			);
			dependencies = (
				AAB2618C2A219CDC005E0AC1 /* PBXTargetDependency */,
			);
			name = QuizTests;
			productName = QuizTests;
			productReference = AAB2618A2A219CDC005E0AC1 /* QuizTests.xctest */;
			productType = "com.apple.product-type.bundle.unit-test";
		};
		AAB261932A219CDC005E0AC1 /* QuizUITests */ = {
			isa = PBXNativeTarget;
			buildConfigurationList = AAB261A42A219CDC005E0AC1 /* Build configuration list for PBXNativeTarget "QuizUITests" */;
			buildPhases = (
				AAB261902A219CDC005E0AC1 /* Sources */,
				AAB261912A219CDC005E0AC1 /* Frameworks */,
				AAB261922A219CDC005E0AC1 /* Resources */,
			);
			buildRules = (
			);
			dependencies = (
				AAB261962A219CDC005E0AC1 /* PBXTargetDependency */,
			);
			name = QuizUITests;
			productName = QuizUITests;
			productReference = AAB261942A219CDC005E0AC1 /* QuizUITests.xctest */;
			productType = "com.apple.product-type.bundle.ui-testing";
		};
/* End PBXNativeTarget section */

/* Begin PBXProject section */
		AAB261722A219CD9005E0AC1 /* Project object */ = {
			isa = PBXProject;
			attributes = {
				BuildIndependentTargetsInParallel = 1;
				LastSwiftUpdateCheck = 1430;
				LastUpgradeCheck = 1430;
				TargetAttributes = {
					AAB261792A219CD9005E0AC1 = {
						CreatedOnToolsVersion = 14.3;
					};
					AAB261892A219CDC005E0AC1 = {
						CreatedOnToolsVersion = 14.3;
						TestTargetID = AAB261792A219CD9005E0AC1;
					};
					AAB261932A219CDC005E0AC1 = {
						CreatedOnToolsVersion = 14.3;
						TestTargetID = AAB261792A219CD9005E0AC1;
					};
				};
			};
			buildConfigurationList = AAB261752A219CD9005E0AC1 /* Build configuration list for PBXProject "Quiz" */;
			compatibilityVersion = "Xcode 14.0";
			developmentRegion = en;
			hasScannedForEncodings = 0;
			knownRegions = (
				en,
				Base,
			);
			mainGroup = AAB261712A219CD9005E0AC1;
			productRefGroup = AAB2617B2A219CD9005E0AC1 /* Products */;
			projectDirPath = "";
			projectRoot = "";
			targets = (
				AAB261792A219CD9005E0AC1 /* Quiz */,
				AAB261892A219CDC005E0AC1 /* QuizTests */,
				AAB261932A219CDC005E0AC1 /* QuizUITests */,
			);
		};
/* End PBXProject section */

/* Begin PBXResourcesBuildPhase section */
		AAB261782A219CD9005E0AC1 /* Resources */ = {
			isa = PBXResourcesBuildPhase;
			buildActionMask = 2147483647;
			files = (
				AAB261852A219CDB005E0AC1 /* Preview Assets.xcassets in Resources */,
				AAC3A0322A24F8B200BD72A3 /* kahoot_lobby_music_80s_edition.mp3 in Resources */,
				AAB261822A219CDB005E0AC1 /* Assets.xcassets in Resources */,
			);
			runOnlyForDeploymentPostprocessing = 0;
		};
		AAB261882A219CDC005E0AC1 /* Resources */ = {
			isa = PBXResourcesBuildPhase;
			buildActionMask = 2147483647;
			files = (
			);
			runOnlyForDeploymentPostprocessing = 0;
		};
		AAB261922A219CDC005E0AC1 /* Resources */ = {
			isa = PBXResourcesBuildPhase;
			buildActionMask = 2147483647;
			files = (
			);
			runOnlyForDeploymentPostprocessing = 0;
		};
/* End PBXResourcesBuildPhase section */

/* Begin PBXSourcesBuildPhase section */
		AAB261762A219CD9005E0AC1 /* Sources */ = {
			isa = PBXSourcesBuildPhase;
			buildActionMask = 2147483647;
			files = (
				AAB261802A219CD9005E0AC1 /* ContentView.swift in Sources */,
				AAB2617E2A219CD9005E0AC1 /* QuizApp.swift in Sources */,
			);
			runOnlyForDeploymentPostprocessing = 0;
		};
		AAB261862A219CDC005E0AC1 /* Sources */ = {
			isa = PBXSourcesBuildPhase;
			buildActionMask = 2147483647;
			files = (
			);
			runOnlyForDeploymentPostprocessing = 0;
		};
		AAB261902A219CDC005E0AC1 /* Sources */ = {
			isa = PBXSourcesBuildPhase;
			buildActionMask = 2147483647;
			files = (
			);
			runOnlyForDeploymentPostprocessing = 0;
		};
/* End PBXSourcesBuildPhase section */

/* Begin PBXTargetDependency section */
		AAB2618C2A219CDC005E0AC1 /* PBXTargetDependency */ = {
			isa = PBXTargetDependency;
			target = AAB261792A219CD9005E0AC1 /* Quiz */;
			targetProxy = AAB2618B2A219CDC005E0AC1 /* PBXContainerItemProxy */;
		};
		AAB261962A219CDC005E0AC1 /* PBXTargetDependency */ = {
			isa = PBXTargetDependency;
			target = AAB261792A219CD9005E0AC1 /* Quiz */;
			targetProxy = AAB261952A219CDC005E0AC1 /* PBXContainerItemProxy */;
		};
/* End PBXTargetDependency section */

/* Begin XCBuildConfiguration section */
		AAB2619C2A219CDC005E0AC1 /* Debug */ = {
			isa = XCBuildConfiguration;
			buildSettings = {
				ALWAYS_SEARCH_USER_PATHS = NO;
				CLANG_ANALYZER_NONNULL = YES;
				CLANG_ANALYZER_NUMBER_OBJECT_CONVERSION = YES_AGGRESSIVE;
				CLANG_CXX_LANGUAGE_STANDARD = "gnu++20";
				CLANG_ENABLE_MODULES = YES;
				CLANG_ENABLE_OBJC_ARC = YES;
				CLANG_ENABLE_OBJC_WEAK = YES;
				CLANG_WARN_BLOCK_CAPTURE_AUTORELEASING = YES;
				CLANG_WARN_BOOL_CONVERSION = YES;
				CLANG_WARN_COMMA = YES;
				CLANG_WARN_CONSTANT_CONVERSION = YES;
				CLANG_WARN_DEPRECATED_OBJC_IMPLEMENTATIONS = YES;
				CLANG_WARN_DIRECT_OBJC_ISA_USAGE = YES_ERROR;
				CLANG_WARN_DOCUMENTATION_COMMENTS = YES;
				CLANG_WARN_EMPTY_BODY = YES;
				CLANG_WARN_ENUM_CONVERSION = YES;
				CLANG_WARN_INFINITE_RECURSION = YES;
				CLANG_WARN_INT_CONVERSION = YES;
				CLANG_WARN_NON_LITERAL_NULL_CONVERSION = YES;
				CLANG_WARN_OBJC_IMPLICIT_RETAIN_SELF = YES;
				CLANG_WARN_OBJC_LITERAL_CONVERSION = YES;
				CLANG_WARN_OBJC_ROOT_CLASS = YES_ERROR;
				CLANG_WARN_QUOTED_INCLUDE_IN_FRAMEWORK_HEADER = YES;
				CLANG_WARN_RANGE_LOOP_ANALYSIS = YES;
				CLANG_WARN_STRICT_PROTOTYPES = YES;
				CLANG_WARN_SUSPICIOUS_MOVE = YES;
				CLANG_WARN_UNGUARDED_AVAILABILITY = YES_AGGRESSIVE;
				CLANG_WARN_UNREACHABLE_CODE = YES;
				CLANG_WARN__DUPLICATE_METHOD_MATCH = YES;
				COPY_PHASE_STRIP = NO;
				DEBUG_INFORMATION_FORMAT = dwarf;
				ENABLE_STRICT_OBJC_MSGSEND = YES;
				ENABLE_TESTABILITY = YES;
				GCC_C_LANGUAGE_STANDARD = gnu11;
				GCC_DYNAMIC_NO_PIC = NO;
				GCC_NO_COMMON_BLOCKS = YES;
				GCC_OPTIMIZATION_LEVEL = 0;
				GCC_PREPROCESSOR_DEFINITIONS = (
					"DEBUG=1",
					"$(inherited)",
				);
				GCC_WARN_64_TO_32_BIT_CONVERSION = YES;
				GCC_WARN_ABOUT_RETURN_TYPE = YES_ERROR;
				GCC_WARN_UNDECLARED_SELECTOR = YES;
				GCC_WARN_UNINITIALIZED_AUTOS = YES_AGGRESSIVE;
				GCC_WARN_UNUSED_FUNCTION = YES;
				GCC_WARN_UNUSED_VARIABLE = YES;
				IPHONEOS_DEPLOYMENT_TARGET = 16.4;
				MTL_ENABLE_DEBUG_INFO = INCLUDE_SOURCE;
				MTL_FAST_MATH = YES;
				ONLY_ACTIVE_ARCH = YES;
				SDKROOT = iphoneos;
				SWIFT_ACTIVE_COMPILATION_CONDITIONS = DEBUG;
				SWIFT_OPTIMIZATION_LEVEL = "-Onone";
			};
			name = Debug;
		};
		AAB2619D2A219CDC005E0AC1 /* Release */ = {
			isa = XCBuildConfiguration;
			buildSettings = {
				ALWAYS_SEARCH_USER_PATHS = NO;
				CLANG_ANALYZER_NONNULL = YES;
				CLANG_ANALYZER_NUMBER_OBJECT_CONVERSION = YES_AGGRESSIVE;
				CLANG_CXX_LANGUAGE_STANDARD = "gnu++20";
				CLANG_ENABLE_MODULES = YES;
				CLANG_ENABLE_OBJC_ARC = YES;
				CLANG_ENABLE_OBJC_WEAK = YES;
				CLANG_WARN_BLOCK_CAPTURE_AUTORELEASING = YES;
				CLANG_WARN_BOOL_CONVERSION = YES;
				CLANG_WARN_COMMA = YES;
				CLANG_WARN_CONSTANT_CONVERSION = YES;
				CLANG_WARN_DEPRECATED_OBJC_IMPLEMENTATIONS = YES;
				CLANG_WARN_DIRECT_OBJC_ISA_USAGE = YES_ERROR;
				CLANG_WARN_DOCUMENTATION_COMMENTS = YES;
				CLANG_WARN_EMPTY_BODY = YES;
				CLANG_WARN_ENUM_CONVERSION = YES;
				CLANG_WARN_INFINITE_RECURSION = YES;
				CLANG_WARN_INT_CONVERSION = YES;
				CLANG_WARN_NON_LITERAL_NULL_CONVERSION = YES;
				CLANG_WARN_OBJC_IMPLICIT_RETAIN_SELF = YES;
				CLANG_WARN_OBJC_LITERAL_CONVERSION = YES;
				CLANG_WARN_OBJC_ROOT_CLASS = YES_ERROR;
				CLANG_WARN_QUOTED_INCLUDE_IN_FRAMEWORK_HEADER = YES;
				CLANG_WARN_RANGE_LOOP_ANALYSIS = YES;
				CLANG_WARN_STRICT_PROTOTYPES = YES;
				CLANG_WARN_SUSPICIOUS_MOVE = YES;
				CLANG_WARN_UNGUARDED_AVAILABILITY = YES_AGGRESSIVE;
				CLANG_WARN_UNREACHABLE_CODE = YES;
				CLANG_WARN__DUPLICATE_METHOD_MATCH = YES;
				COPY_PHASE_STRIP = NO;
				DEBUG_INFORMATION_FORMAT = "dwarf-with-dsym";
				ENABLE_NS_ASSERTIONS = NO;
				ENABLE_STRICT_OBJC_MSGSEND = YES;
				GCC_C_LANGUAGE_STANDARD = gnu11;
				GCC_NO_COMMON_BLOCKS = YES;
				GCC_WARN_64_TO_32_BIT_CONVERSION = YES;
				GCC_WARN_ABOUT_RETURN_TYPE = YES_ERROR;
				GCC_WARN_UNDECLARED_SELECTOR = YES;
				GCC_WARN_UNINITIALIZED_AUTOS = YES_AGGRESSIVE;
				GCC_WARN_UNUSED_FUNCTION = YES;
				GCC_WARN_UNUSED_VARIABLE = YES;
				IPHONEOS_DEPLOYMENT_TARGET = 16.4;
				MTL_ENABLE_DEBUG_INFO = NO;
				MTL_FAST_MATH = YES;
				SDKROOT = iphoneos;
				SWIFT_COMPILATION_MODE = wholemodule;
				SWIFT_OPTIMIZATION_LEVEL = "-O";
				VALIDATE_PRODUCT = YES;
			};
			name = Release;
		};
		AAB2619F2A219CDC005E0AC1 /* Debug */ = {
			isa = XCBuildConfiguration;
			buildSettings = {
				ASSETCATALOG_COMPILER_APPICON_NAME = AppIcon;
				ASSETCATALOG_COMPILER_GLOBAL_ACCENT_COLOR_NAME = AccentColor;
				CODE_SIGN_STYLE = Automatic;
				CURRENT_PROJECT_VERSION = 1;
				DEVELOPMENT_ASSET_PATHS = "\"Quiz/Preview Content\"";
				ENABLE_PREVIEWS = YES;
				GENERATE_INFOPLIST_FILE = YES;
				INFOPLIST_KEY_UIApplicationSceneManifest_Generation = YES;
				INFOPLIST_KEY_UIApplicationSupportsIndirectInputEvents = YES;
				INFOPLIST_KEY_UILaunchScreen_Generation = YES;
				INFOPLIST_KEY_UISupportedInterfaceOrientations_iPad = "UIInterfaceOrientationPortrait UIInterfaceOrientationPortraitUpsideDown UIInterfaceOrientationLandscapeLeft UIInterfaceOrientationLandscapeRight";
				INFOPLIST_KEY_UISupportedInterfaceOrientations_iPhone = "UIInterfaceOrientationPortrait UIInterfaceOrientationLandscapeLeft UIInterfaceOrientationLandscapeRight";
				LD_RUNPATH_SEARCH_PATHS = (
					"$(inherited)",
					"@executable_path/Frameworks",
				);
				MARKETING_VERSION = 1.0;
				PRODUCT_BUNDLE_IDENTIFIER = hi.Quiz;
				PRODUCT_NAME = "$(TARGET_NAME)";
				SWIFT_EMIT_LOC_STRINGS = YES;
				SWIFT_VERSION = 5.0;
				TARGETED_DEVICE_FAMILY = "1,2";
			};
			name = Debug;
		};
		AAB261A02A219CDC005E0AC1 /* Release */ = {
			isa = XCBuildConfiguration;
			buildSettings = {
				ASSETCATALOG_COMPILER_APPICON_NAME = AppIcon;
				ASSETCATALOG_COMPILER_GLOBAL_ACCENT_COLOR_NAME = AccentColor;
				CODE_SIGN_STYLE = Automatic;
				CURRENT_PROJECT_VERSION = 1;
				DEVELOPMENT_ASSET_PATHS = "\"Quiz/Preview Content\"";
				ENABLE_PREVIEWS = YES;
				GENERATE_INFOPLIST_FILE = YES;
				INFOPLIST_KEY_UIApplicationSceneManifest_Generation = YES;
				INFOPLIST_KEY_UIApplicationSupportsIndirectInputEvents = YES;
				INFOPLIST_KEY_UILaunchScreen_Generation = YES;
				INFOPLIST_KEY_UISupportedInterfaceOrientations_iPad = "UIInterfaceOrientationPortrait UIInterfaceOrientationPortraitUpsideDown UIInterfaceOrientationLandscapeLeft UIInterfaceOrientationLandscapeRight";
				INFOPLIST_KEY_UISupportedInterfaceOrientations_iPhone = "UIInterfaceOrientationPortrait UIInterfaceOrientationLandscapeLeft UIInterfaceOrientationLandscapeRight";
				LD_RUNPATH_SEARCH_PATHS = (
					"$(inherited)",
					"@executable_path/Frameworks",
				);
				MARKETING_VERSION = 1.0;
				PRODUCT_BUNDLE_IDENTIFIER = hi.Quiz;
				PRODUCT_NAME = "$(TARGET_NAME)";
				SWIFT_EMIT_LOC_STRINGS = YES;
				SWIFT_VERSION = 5.0;
				TARGETED_DEVICE_FAMILY = "1,2";
			};
			name = Release;
		};
		AAB261A22A219CDC005E0AC1 /* Debug */ = {
			isa = XCBuildConfiguration;
			buildSettings = {
				ALWAYS_EMBED_SWIFT_STANDARD_LIBRARIES = YES;
				BUNDLE_LOADER = "$(TEST_HOST)";
				CODE_SIGN_STYLE = Automatic;
				CURRENT_PROJECT_VERSION = 1;
				GENERATE_INFOPLIST_FILE = YES;
				IPHONEOS_DEPLOYMENT_TARGET = 16.4;
				MARKETING_VERSION = 1.0;
				PRODUCT_BUNDLE_IDENTIFIER = hi.QuizTests;
				PRODUCT_NAME = "$(TARGET_NAME)";
				SWIFT_EMIT_LOC_STRINGS = NO;
				SWIFT_VERSION = 5.0;
				TARGETED_DEVICE_FAMILY = "1,2";
				TEST_HOST = "$(BUILT_PRODUCTS_DIR)/Quiz.app/$(BUNDLE_EXECUTABLE_FOLDER_PATH)/Quiz";
			};
			name = Debug;
		};
		AAB261A32A219CDC005E0AC1 /* Release */ = {
			isa = XCBuildConfiguration;
			buildSettings = {
				ALWAYS_EMBED_SWIFT_STANDARD_LIBRARIES = YES;
				BUNDLE_LOADER = "$(TEST_HOST)";
				CODE_SIGN_STYLE = Automatic;
				CURRENT_PROJECT_VERSION = 1;
				GENERATE_INFOPLIST_FILE = YES;
				IPHONEOS_DEPLOYMENT_TARGET = 16.4;
				MARKETING_VERSION = 1.0;
				PRODUCT_BUNDLE_IDENTIFIER = hi.QuizTests;
				PRODUCT_NAME = "$(TARGET_NAME)";
				SWIFT_EMIT_LOC_STRINGS = NO;
				SWIFT_VERSION = 5.0;
				TARGETED_DEVICE_FAMILY = "1,2";
				TEST_HOST = "$(BUILT_PRODUCTS_DIR)/Quiz.app/$(BUNDLE_EXECUTABLE_FOLDER_PATH)/Quiz";
			};
			name = Release;
		};
		AAB261A52A219CDC005E0AC1 /* Debug */ = {
			isa = XCBuildConfiguration;
			buildSettings = {
				ALWAYS_EMBED_SWIFT_STANDARD_LIBRARIES = YES;
				CODE_SIGN_STYLE = Automatic;
				CURRENT_PROJECT_VERSION = 1;
				GENERATE_INFOPLIST_FILE = YES;
				MARKETING_VERSION = 1.0;
				PRODUCT_BUNDLE_IDENTIFIER = hi.QuizUITests;
				PRODUCT_NAME = "$(TARGET_NAME)";
				SWIFT_EMIT_LOC_STRINGS = NO;
				SWIFT_VERSION = 5.0;
				TARGETED_DEVICE_FAMILY = "1,2";
				TEST_TARGET_NAME = Quiz;
			};
			name = Debug;
		};
		AAB261A62A219CDC005E0AC1 /* Release */ = {
			isa = XCBuildConfiguration;
			buildSettings = {
				ALWAYS_EMBED_SWIFT_STANDARD_LIBRARIES = YES;
				CODE_SIGN_STYLE = Automatic;
				CURRENT_PROJECT_VERSION = 1;
				GENERATE_INFOPLIST_FILE = YES;
				MARKETING_VERSION = 1.0;
				PRODUCT_BUNDLE_IDENTIFIER = hi.QuizUITests;
				PRODUCT_NAME = "$(TARGET_NAME)";
				SWIFT_EMIT_LOC_STRINGS = NO;
				SWIFT_VERSION = 5.0;
				TARGETED_DEVICE_FAMILY = "1,2";
				TEST_TARGET_NAME = Quiz;
			};
			name = Release;
		};
/* End XCBuildConfiguration section */

/* Begin XCConfigurationList section */
		AAB261752A219CD9005E0AC1 /* Build configuration list for PBXProject "Quiz" */ = {
			isa = XCConfigurationList;
			buildConfigurations = (
				AAB2619C2A219CDC005E0AC1 /* Debug */,
				AAB2619D2A219CDC005E0AC1 /* Release */,
			);
			defaultConfigurationIsVisible = 0;
			defaultConfigurationName = Release;
		};
		AAB2619E2A219CDC005E0AC1 /* Build configuration list for PBXNativeTarget "Quiz" */ = {
			isa = XCConfigurationList;
			buildConfigurations = (
				AAB2619F2A219CDC005E0AC1 /* Debug */,
				AAB261A02A219CDC005E0AC1 /* Release */,
			);
			defaultConfigurationIsVisible = 0;
			defaultConfigurationName = Release;
		};
		AAB261A12A219CDC005E0AC1 /* Build configuration list for PBXNativeTarget "QuizTests" */ = {
			isa = XCConfigurationList;
			buildConfigurations = (
				AAB261A22A219CDC005E0AC1 /* Debug */,
				AAB261A32A219CDC005E0AC1 /* Release */,
			);
			defaultConfigurationIsVisible = 0;
			defaultConfigurationName = Release;
		};
		AAB261A42A219CDC005E0AC1 /* Build configuration list for PBXNativeTarget "QuizUITests" */ = {
			isa = XCConfigurationList;
			buildConfigurations = (
				AAB261A52A219CDC005E0AC1 /* Debug */,
				AAB261A62A219CDC005E0AC1 /* Release */,
			);
			defaultConfigurationIsVisible = 0;
			defaultConfigurationName = Release;
		};
/* End XCConfigurationList section */
	};
	rootObject = AAB261722A219CD9005E0AC1 /* Project object */;
}
